
Microsoft Visual Studio Solution File, Format Version 12.00
# Visual Studio Version 17
VisualStudioVersion = 17.7.34031.279
MinimumVisualStudioVersion = 10.0.40219.1
Project("{2150E333-8FDC-42A3-9474-1A3956D46DE8}") = "Services", "Services", "{BE2F34A4-7FE8-4B45-9E23-441E1AF77636}"
EndProject
Project("{2150E333-8FDC-42A3-9474-1A3956D46DE8}") = "Catalog", "Catalog", "{22CE4F9C-90DC-4AE6-A406-A27250933D28}"
EndProject
Project("{9A19103F-16F7-4668-BE54-9A1E7A4F7556}") = "Catalog.API", "Services\Catalog\Catalog.API\Catalog.API.csproj", "{06AC7B53-C8E4-40C4-875E-73AC11ADCFFA}"
EndProject
Project("{E53339B2-1760-4266-BCC7-CA923CBCF16C}") = "docker-compose", "docker-compose.dcproj", "{F7F85BD6-3712-46FC-A553-883599861E13}"
EndProject
Project("{2150E333-8FDC-42A3-9474-1A3956D46DE8}") = "Basket", "Basket", "{8999062F-7658-45C3-B7A7-55B58BA88614}"
EndProject
Project("{9A19103F-16F7-4668-BE54-9A1E7A4F7556}") = "Basket.API", "Services\Basket\Basket.API\Basket.API.csproj", "{FDB9A2F1-1192-4B96-921F-B3312DDF1A16}"
EndProject
Project("{2150E333-8FDC-42A3-9474-1A3956D46DE8}") = "Discount", "Discount", "{ED1B3911-7127-4A27-9B92-4C1AA87E33A1}"
EndProject
Project("{9A19103F-16F7-4668-BE54-9A1E7A4F7556}") = "Discount.API", "Services\Discount\Discount.API\Discount.API.csproj", "{B646A0EE-9FFF-45D6-A7D7-97919E5C9600}"
EndProject
Project("{9A19103F-16F7-4668-BE54-9A1E7A4F7556}") = "Discount.Grpc", "Services\Discount\Discount.Grpc\Discount.Grpc.csproj", "{6EE7587F-4F71-4D2B-AFC7-3337E695B5E9}"
EndProject
Project("{2150E333-8FDC-42A3-9474-1A3956D46DE8}") = "Ordering", "Ordering", "{A185C213-DEC9-45B6-A788-9081AD281712}"
EndProject
Project("{9A19103F-16F7-4668-BE54-9A1E7A4F7556}") = "Ordering.API", "Services\Ordering\Ordering.API\Ordering.API.csproj", "{75EDAB31-439E-4CD5-9A70-568FF663EC80}"
EndProject
Project("{9A19103F-16F7-4668-BE54-9A1E7A4F7556}") = "Ordering.Domain", "Services\Ordering\Ordering.Domain\Ordering.Domain.csproj", "{087641CE-BC20-460D-A848-D49CF078B2CB}"
EndProject
Project("{9A19103F-16F7-4668-BE54-9A1E7A4F7556}") = "Ordering.Application", "Services\Ordering\Ordering.Application\Ordering.Application.csproj", "{D7B8745E-C054-406D-B696-A6D9251A6784}"
EndProject
Project("{9A19103F-16F7-4668-BE54-9A1E7A4F7556}") = "Ordering.Infrastructure", "Services\Ordering\Ordering.Infrastructure\Ordering.Infrastructure.csproj", "{7AF9C6A7-8D56-4204-846C-3E5C39C14C53}"
EndProject
Project("{2150E333-8FDC-42A3-9474-1A3956D46DE8}") = "BuildingBlocks", "BuildingBlocks", "{165C5608-A644-415A-8A69-EE8A8514733D}"
EndProject
Project("{9A19103F-16F7-4668-BE54-9A1E7A4F7556}") = "EventBus.Messages", "BuildingBlocks\EventBus.Messages\EventBus.Messages.csproj", "{15620C82-515F-49B5-AA75-CF9F4B564044}"
EndProject
Project("{2150E333-8FDC-42A3-9474-1A3956D46DE8}") = "ApiGateways", "ApiGateways", "{A751E7A5-64D7-4805-BC44-5BB228BEA8AF}"
EndProject
Project("{FAE04EC0-301F-11D3-BF4B-00C04F79EFBC}") = "OcelotApiGw", "ApiGateways\OcelotApiGw\OcelotApiGw.csproj", "{B0E8AB75-EED4-4452-B4F6-6F52E8D110C9}"
EndProject
Global
	GlobalSection(SolutionConfigurationPlatforms) = preSolution
		Debug|Any CPU = Debug|Any CPU
		Release|Any CPU = Release|Any CPU
	EndGlobalSection
	GlobalSection(ProjectConfigurationPlatforms) = postSolution
		{06AC7B53-C8E4-40C4-875E-73AC11ADCFFA}.Debug|Any CPU.ActiveCfg = Debug|Any CPU
		{06AC7B53-C8E4-40C4-875E-73AC11ADCFFA}.Debug|Any CPU.Build.0 = Debug|Any CPU
		{06AC7B53-C8E4-40C4-875E-73AC11ADCFFA}.Release|Any CPU.ActiveCfg = Release|Any CPU
		{06AC7B53-C8E4-40C4-875E-73AC11ADCFFA}.Release|Any CPU.Build.0 = Release|Any CPU
		{F7F85BD6-3712-46FC-A553-883599861E13}.Debug|Any CPU.ActiveCfg = Debug|Any CPU
		{F7F85BD6-3712-46FC-A553-883599861E13}.Debug|Any CPU.Build.0 = Debug|Any CPU
		{F7F85BD6-3712-46FC-A553-883599861E13}.Release|Any CPU.ActiveCfg = Release|Any CPU
		{F7F85BD6-3712-46FC-A553-883599861E13}.Release|Any CPU.Build.0 = Release|Any CPU
		{FDB9A2F1-1192-4B96-921F-B3312DDF1A16}.Debug|Any CPU.ActiveCfg = Debug|Any CPU
		{FDB9A2F1-1192-4B96-921F-B3312DDF1A16}.Debug|Any CPU.Build.0 = Debug|Any CPU
		{FDB9A2F1-1192-4B96-921F-B3312DDF1A16}.Release|Any CPU.ActiveCfg = Release|Any CPU
		{FDB9A2F1-1192-4B96-921F-B3312DDF1A16}.Release|Any CPU.Build.0 = Release|Any CPU
		{B646A0EE-9FFF-45D6-A7D7-97919E5C9600}.Debug|Any CPU.ActiveCfg = Debug|Any CPU
		{B646A0EE-9FFF-45D6-A7D7-97919E5C9600}.Debug|Any CPU.Build.0 = Debug|Any CPU
		{B646A0EE-9FFF-45D6-A7D7-97919E5C9600}.Release|Any CPU.ActiveCfg = Release|Any CPU
		{B646A0EE-9FFF-45D6-A7D7-97919E5C9600}.Release|Any CPU.Build.0 = Release|Any CPU
		{6EE7587F-4F71-4D2B-AFC7-3337E695B5E9}.Debug|Any CPU.ActiveCfg = Debug|Any CPU
		{6EE7587F-4F71-4D2B-AFC7-3337E695B5E9}.Debug|Any CPU.Build.0 = Debug|Any CPU
		{6EE7587F-4F71-4D2B-AFC7-3337E695B5E9}.Release|Any CPU.ActiveCfg = Release|Any CPU
		{6EE7587F-4F71-4D2B-AFC7-3337E695B5E9}.Release|Any CPU.Build.0 = Release|Any CPU
		{75EDAB31-439E-4CD5-9A70-568FF663EC80}.Debug|Any CPU.ActiveCfg = Debug|Any CPU
		{75EDAB31-439E-4CD5-9A70-568FF663EC80}.Debug|Any CPU.Build.0 = Debug|Any CPU
		{75EDAB31-439E-4CD5-9A70-568FF663EC80}.Release|Any CPU.ActiveCfg = Release|Any CPU
		{75EDAB31-439E-4CD5-9A70-568FF663EC80}.Release|Any CPU.Build.0 = Release|Any CPU
		{087641CE-BC20-460D-A848-D49CF078B2CB}.Debug|Any CPU.ActiveCfg = Debug|Any CPU
		{087641CE-BC20-460D-A848-D49CF078B2CB}.Debug|Any CPU.Build.0 = Debug|Any CPU
		{087641CE-BC20-460D-A848-D49CF078B2CB}.Release|Any CPU.ActiveCfg = Release|Any CPU
		{087641CE-BC20-460D-A848-D49CF078B2CB}.Release|Any CPU.Build.0 = Release|Any CPU
		{D7B8745E-C054-406D-B696-A6D9251A6784}.Debug|Any CPU.ActiveCfg = Debug|Any CPU
		{D7B8745E-C054-406D-B696-A6D9251A6784}.Debug|Any CPU.Build.0 = Debug|Any CPU
		{D7B8745E-C054-406D-B696-A6D9251A6784}.Release|Any CPU.ActiveCfg = Release|Any CPU
		{D7B8745E-C054-406D-B696-A6D9251A6784}.Release|Any CPU.Build.0 = Release|Any CPU
		{7AF9C6A7-8D56-4204-846C-3E5C39C14C53}.Debug|Any CPU.ActiveCfg = Debug|Any CPU
		{7AF9C6A7-8D56-4204-846C-3E5C39C14C53}.Debug|Any CPU.Build.0 = Debug|Any CPU
		{7AF9C6A7-8D56-4204-846C-3E5C39C14C53}.Release|Any CPU.ActiveCfg = Release|Any CPU
		{7AF9C6A7-8D56-4204-846C-3E5C39C14C53}.Release|Any CPU.Build.0 = Release|Any CPU
		{15620C82-515F-49B5-AA75-CF9F4B564044}.Debug|Any CPU.ActiveCfg = Debug|Any CPU
		{15620C82-515F-49B5-AA75-CF9F4B564044}.Debug|Any CPU.Build.0 = Debug|Any CPU
		{15620C82-515F-49B5-AA75-CF9F4B564044}.Release|Any CPU.ActiveCfg = Release|Any CPU
		{15620C82-515F-49B5-AA75-CF9F4B564044}.Release|Any CPU.Build.0 = Release|Any CPU
		{B0E8AB75-EED4-4452-B4F6-6F52E8D110C9}.Debug|Any CPU.ActiveCfg = Debug|Any CPU
		{B0E8AB75-EED4-4452-B4F6-6F52E8D110C9}.Debug|Any CPU.Build.0 = Debug|Any CPU
		{B0E8AB75-EED4-4452-B4F6-6F52E8D110C9}.Release|Any CPU.ActiveCfg = Release|Any CPU
		{B0E8AB75-EED4-4452-B4F6-6F52E8D110C9}.Release|Any CPU.Build.0 = Release|Any CPU
	EndGlobalSection
	GlobalSection(SolutionProperties) = preSolution
		HideSolutionNode = FALSE
	EndGlobalSection
	GlobalSection(NestedProjects) = preSolution
		{22CE4F9C-90DC-4AE6-A406-A27250933D28} = {BE2F34A4-7FE8-4B45-9E23-441E1AF77636}
		{06AC7B53-C8E4-40C4-875E-73AC11ADCFFA} = {22CE4F9C-90DC-4AE6-A406-A27250933D28}
		{8999062F-7658-45C3-B7A7-55B58BA88614} = {BE2F34A4-7FE8-4B45-9E23-441E1AF77636}
		{FDB9A2F1-1192-4B96-921F-B3312DDF1A16} = {8999062F-7658-45C3-B7A7-55B58BA88614}
		{ED1B3911-7127-4A27-9B92-4C1AA87E33A1} = {BE2F34A4-7FE8-4B45-9E23-441E1AF77636}
		{B646A0EE-9FFF-45D6-A7D7-97919E5C9600} = {ED1B3911-7127-4A27-9B92-4C1AA87E33A1}
		{6EE7587F-4F71-4D2B-AFC7-3337E695B5E9} = {ED1B3911-7127-4A27-9B92-4C1AA87E33A1}
		{A185C213-DEC9-45B6-A788-9081AD281712} = {BE2F34A4-7FE8-4B45-9E23-441E1AF77636}
		{75EDAB31-439E-4CD5-9A70-568FF663EC80} = {A185C213-DEC9-45B6-A788-9081AD281712}
		{087641CE-BC20-460D-A848-D49CF078B2CB} = {A185C213-DEC9-45B6-A788-9081AD281712}
		{D7B8745E-C054-406D-B696-A6D9251A6784} = {A185C213-DEC9-45B6-A788-9081AD281712}
		{7AF9C6A7-8D56-4204-846C-3E5C39C14C53} = {A185C213-DEC9-45B6-A788-9081AD281712}
		{15620C82-515F-49B5-AA75-CF9F4B564044} = {165C5608-A644-415A-8A69-EE8A8514733D}
		{B0E8AB75-EED4-4452-B4F6-6F52E8D110C9} = {A751E7A5-64D7-4805-BC44-5BB228BEA8AF}
	EndGlobalSection
	GlobalSection(ExtensibilityGlobals) = postSolution
		SolutionGuid = {C908476F-B651-4F56-ADE6-65C26EBC027C}
	EndGlobalSection
EndGlobal
